<?xml version="1.0" encoding="utf-8"?>
<Project ToolsVersion="4.0" xmlns="http://schemas.microsoft.com/developer/msbuild/2003">
  <ItemGroup>
    <ClCompile Include="Matrix4x4.cpp">
      <Filter>Matrix4x4</Filter>
    </ClCompile>
    <ClCompile Include="Vector.cpp">
      <Filter>Vector</Filter>
    </ClCompile>
    <ClCompile Include="Vector2.cpp">
      <Filter>Vector2</Filter>
    </ClCompile>
    <ClCompile Include="Vector4.cpp">
      <Filter>Vector4</Filter>
    </ClCompile>
    <ClCompile Include="Rect.cpp">
      <Filter>Rect</Filter>
    </ClCompile>
    <ClCompile Include="utilities.cpp">
      <Filter>utilities</Filter>
    </ClCompile>
  </ItemGroup>
  <ItemGroup>
    <ClInclude Include="Matrix4x4.h">
      <Filter>Matrix4x4</Filter>
    </ClInclude>
    <ClInclude Include="Vector.h">
      <Filter>Vector</Filter>
    </ClInclude>
    <ClInclude Include="Vector2.h">
      <Filter>Vector2</Filter>
    </ClInclude>
    <ClInclude Include="Vector4.h">
      <Filter>Vector4</Filter>
    </ClInclude>
    <ClInclude Include="Rect.h">
      <Filter>Rect</Filter>
    </ClInclude>
    <ClInclude Include="utilities.h">
      <Filter>utilities</Filter>
    </ClInclude>
  </ItemGroup>
  <ItemGroup>
    <Filter Include="Matrix4x4">
      <UniqueIdentifier>{711c6855-ec0d-4af9-b6d5-2db64b1271a1}</UniqueIdentifier>
    </Filter>
    <Filter Include="Vector">
      <UniqueIdentifier>{7927222e-20fd-4d77-a90a-cceb90cd5251}</UniqueIdentifier>
    </Filter>
    <Filter Include="Vector2">
      <UniqueIdentifier>{79905644-65e2-4d66-a8c6-33b9853aaff4}</UniqueIdentifier>
    </Filter>
    <Filter Include="Vector4">
      <UniqueIdentifier>{bae369c1-34e9-4b63-9b81-4cbbccdca979}</UniqueIdentifier>
    </Filter>
    <Filter Include="Rect">
      <UniqueIdentifier>{32651435-0a0b-4e90-8aa7-a2e60e234093}</UniqueIdentifier>
    </Filter>
    <Filter Include="utilities">
      <UniqueIdentifier>{bd65e72b-8af4-4f70-a090-55969a59beac}</UniqueIdentifier>
    </Filter>
  </ItemGroup>
</Project>